
Microsoft Visual Studio Solution File, Format Version 12.00
# Visual Studio Version 17
VisualStudioVersion = 17.14.36915.13 d17.14
MinimumVisualStudioVersion = 10.0.40219.1
Project("{FAE04EC0-301F-11D3-BF4B-00C04F79EFBC}") = "MedicalAppointmentScheduler", "Medical Appointment Scheduler\MedicalAppointmentScheduler.csproj", "{3D247EF6-0DE1-4D53-9576-343FE15437A5}"
EndProject
Global
	GlobalSection(SolutionConfigurationPlatforms) = preSolution
		Debug|Any CPU = Debug|Any CPU
		Release|Any CPU = Release|Any CPU
	EndGlobalSection
	GlobalSection(ProjectConfigurationPlatforms) = postSolution
		{3D247EF6-0DE1-4D53-9576-343FE15437A5}.Debug|Any CPU.ActiveCfg = Debug|Any CPU
		{3D247EF6-0DE1-4D53-9576-343FE15437A5}.Debug|Any CPU.Build.0 = Debug|Any CPU
		{3D247EF6-0DE1-4D53-9576-343FE15437A5}.Release|Any CPU.ActiveCfg = Release|Any CPU
		{3D247EF6-0DE1-4D53-9576-343FE15437A5}.Release|Any CPU.Build.0 = Release|Any CPU
	EndGlobalSection
	GlobalSection(SolutionProperties) = preSolution
		HideSolutionNode = FALSE
	EndGlobalSection
	GlobalSection(ExtensibilityGlobals) = postSolution
		SolutionGuid = {8D7DBA91-AB87-47D4-AA41-1BC246505B1C}
	EndGlobalSection
EndGlobal
